// !$*UTF8*$!
{
	archiveVersion = 1;
	classes = {
	};
	objectVersion = 46;
	objects = {

/* Begin PBXBuildFile section */
		75942B211BED0D3A008A99F7 /* main.m in Sources */ = {isa = PBXBuildFile; fileRef = 75942B201BED0D3A008A99F7 /* main.m */; };
		75942B241BED0D3A008A99F7 /* AppDelegate.m in Sources */ = {isa = PBXBuildFile; fileRef = 75942B231BED0D3A008A99F7 /* AppDelegate.m */; };
		75942B271BED0D3A008A99F7 /* ViewController.m in Sources */ = {isa = PBXBuildFile; fileRef = 75942B261BED0D3A008A99F7 /* ViewController.m */; };
		75942B2A1BED0D3A008A99F7 /* Main.storyboard in Resources */ = {isa = PBXBuildFile; fileRef = 75942B281BED0D3A008A99F7 /* Main.storyboard */; };
		75942B2C1BED0D3A008A99F7 /* Assets.xcassets in Resources */ = {isa = PBXBuildFile; fileRef = 75942B2B1BED0D3A008A99F7 /* Assets.xcassets */; };
		75942B2F1BED0D3A008A99F7 /* LaunchScreen.storyboard in Resources */ = {isa = PBXBuildFile; fileRef = 75942B2D1BED0D3A008A99F7 /* LaunchScreen.storyboard */; };
		75942B3A1BED0D3A008A99F7 /* YHStarRatingDemoTests.m in Sources */ = {isa = PBXBuildFile; fileRef = 75942B391BED0D3A008A99F7 /* YHStarRatingDemoTests.m */; };
		75942B451BED0D3A008A99F7 /* YHStarRatingDemoUITests.m in Sources */ = {isa = PBXBuildFile; fileRef = 75942B441BED0D3A008A99F7 /* YHStarRatingDemoUITests.m */; };
/* End PBXBuildFile section */

/* Begin PBXContainerItemProxy section */
		75942B361BED0D3A008A99F7 /* PBXContainerItemProxy */ = {
			isa = PBXContainerItemProxy;
			containerPortal = 75942B141BED0D39008A99F7 /* Project object */;
			proxyType = 1;
			remoteGlobalIDString = 75942B1B1BED0D3A008A99F7;
			remoteInfo = YHStarRatingDemo;
		};
		75942B411BED0D3A008A99F7 /* PBXContainerItemProxy */ = {
			isa = PBXContainerItemProxy;
			containerPortal = 75942B141BED0D39008A99F7 /* Project object */;
			proxyType = 1;
			remoteGlobalIDString = 75942B1B1BED0D3A008A99F7;
			remoteInfo = YHStarRatingDemo;
		};
/* End PBXContainerItemProxy section */

/* Begin PBXFileReference section */
		75942B1C1BED0D3A008A99F7 /* YHStarRatingDemo.app */ = {isa = PBXFileReference; explicitFileType = wrapper.application; includeInIndex = 0; path = YHStarRatingDemo.app; sourceTree = BUILT_PRODUCTS_DIR; };
		75942B201BED0D3A008A99F7 /* main.m */ = {isa = PBXFileReference; lastKnownFileType = sourcecode.c.objc; path = main.m; sourceTree = "<group>"; };
		75942B221BED0D3A008A99F7 /* AppDelegate.h */ = {isa = PBXFileReference; lastKnownFileType = sourcecode.c.h; path = AppDelegate.h; sourceTree = "<group>"; };
		75942B231BED0D3A008A99F7 /* AppDelegate.m */ = {isa = PBXFileReference; lastKnownFileType = sourcecode.c.objc; path = AppDelegate.m; sourceTree = "<group>"; };
		75942B251BED0D3A008A99F7 /* ViewController.h */ = {isa = PBXFileReference; lastKnownFileType = sourcecode.c.h; path = ViewController.h; sourceTree = "<group>"; };
		75942B261BED0D3A008A99F7 /* ViewController.m */ = {isa = PBXFileReference; lastKnownFileType = sourcecode.c.objc; path = ViewController.m; sourceTree = "<group>"; };
		75942B291BED0D3A008A99F7 /* Base */ = {isa = PBXFileReference; lastKnownFileType = file.storyboard; name = Base; path = Base.lproj/Main.storyboard; sourceTree = "<group>"; };
		75942B2B1BED0D3A008A99F7 /* Assets.xcassets */ = {isa = PBXFileReference; lastKnownFileType = folder.assetcatalog; path = Assets.xcassets; sourceTree = "<group>"; };
		75942B2E1BED0D3A008A99F7 /* Base */ = {isa = PBXFileReference; lastKnownFileType = file.storyboard; name = Base; path = Base.lproj/LaunchScreen.storyboard; sourceTree = "<group>"; };
		75942B301BED0D3A008A99F7 /* Info.plist */ = {isa = PBXFileReference; lastKnownFileType = text.plist.xml; path = Info.plist; sourceTree = "<group>"; };
		75942B351BED0D3A008A99F7 /* YHStarRatingDemoTests.xctest */ = {isa = PBXFileReference; explicitFileType = wrapper.cfbundle; includeInIndex = 0; path = YHStarRatingDemoTests.xctest; sourceTree = BUILT_PRODUCTS_DIR; };
		75942B391BED0D3A008A99F7 /* YHStarRatingDemoTests.m */ = {isa = PBXFileReference; lastKnownFileType = sourcecode.c.objc; path = YHStarRatingDemoTests.m; sourceTree = "<group>"; };
		75942B3B1BED0D3A008A99F7 /* Info.plist */ = {isa = PBXFileReference; lastKnownFileType = text.plist.xml; path = Info.plist; sourceTree = "<group>"; };
		75942B401BED0D3A008A99F7 /* YHStarRatingDemoUITests.xctest */ = {isa = PBXFileReference; explicitFileType = wrapper.cfbundle; includeInIndex = 0; path = YHStarRatingDemoUITests.xctest; sourceTree = BUILT_PRODUCTS_DIR; };
		75942B441BED0D3A008A99F7 /* YHStarRatingDemoUITests.m */ = {isa = PBXFileReference; lastKnownFileType = sourcecode.c.objc; path = YHStarRatingDemoUITests.m; sourceTree = "<group>"; };
		75942B461BED0D3A008A99F7 /* Info.plist */ = {isa = PBXFileReference; lastKnownFileType = text.plist.xml; path = Info.plist; sourceTree = "<group>"; };
/* End PBXFileReference section */

/* Begin PBXFrameworksBuildPhase section */
		75942B191BED0D3A008A99F7 /* Frameworks */ = {
			isa = PBXFrameworksBuildPhase;
			buildActionMask = 2147483647;
			files = (
			);
			runOnlyForDeploymentPostprocessing = 0;
		};
		75942B321BED0D3A008A99F7 /* Frameworks */ = {
			isa = PBXFrameworksBuildPhase;
			buildActionMask = 2147483647;
			files = (
			);
			runOnlyForDeploymentPostprocessing = 0;
		};
		75942B3D1BED0D3A008A99F7 /* Frameworks */ = {
			isa = PBXFrameworksBuildPhase;
			buildActionMask = 2147483647;
			files = (
			);
			runOnlyForDeploymentPostprocessing = 0;
		};
/* End PBXFrameworksBuildPhase section */

/* Begin PBXGroup section */
		75942B131BED0D39008A99F7 = {
			isa = PBXGroup;
			children = (
				75942B1E1BED0D3A008A99F7 /* YHStarRatingDemo */,
				75942B381BED0D3A008A99F7 /* YHStarRatingDemoTests */,
				75942B431BED0D3A008A99F7 /* YHStarRatingDemoUITests */,
				75942B1D1BED0D3A008A99F7 /* Products */,
			);
			sourceTree = "<group>";
		};
		75942B1D1BED0D3A008A99F7 /* Products */ = {
			isa = PBXGroup;
			children = (
				75942B1C1BED0D3A008A99F7 /* YHStarRatingDemo.app */,
				75942B351BED0D3A008A99F7 /* YHStarRatingDemoTests.xctest */,
				75942B401BED0D3A008A99F7 /* YHStarRatingDemoUITests.xctest */,
			);
			name = Products;
			sourceTree = "<group>";
		};
		75942B1E1BED0D3A008A99F7 /* YHStarRatingDemo */ = {
			isa = PBXGroup;
			children = (
				75942B221BED0D3A008A99F7 /* AppDelegate.h */,
				75942B231BED0D3A008A99F7 /* AppDelegate.m */,
				75942B251BED0D3A008A99F7 /* ViewController.h */,
				75942B261BED0D3A008A99F7 /* ViewController.m */,
				75942B281BED0D3A008A99F7 /* Main.storyboard */,
				75942B2B1BED0D3A008A99F7 /* Assets.xcassets */,
				75942B2D1BED0D3A008A99F7 /* LaunchScreen.storyboard */,
				75942B301BED0D3A008A99F7 /* Info.plist */,
				75942B1F1BED0D3A008A99F7 /* Supporting Files */,
			);
			path = YHStarRatingDemo;
			sourceTree = "<group>";
		};
		75942B1F1BED0D3A008A99F7 /* Supporting Files */ = {
			isa = PBXGroup;
			children = (
				75942B201BED0D3A008A99F7 /* main.m */,
			);
			name = "Supporting Files";
			sourceTree = "<group>";
		};
		75942B381BED0D3A008A99F7 /* YHStarRatingDemoTests */ = {
			isa = PBXGroup;
			children = (
				75942B391BED0D3A008A99F7 /* YHStarRatingDemoTests.m */,
				75942B3B1BED0D3A008A99F7 /* Info.plist */,
			);
			path = YHStarRatingDemoTests;
			sourceTree = "<group>";
		};
		75942B431BED0D3A008A99F7 /* YHStarRatingDemoUITests */ = {
			isa = PBXGroup;
			children = (
				75942B441BED0D3A008A99F7 /* YHStarRatingDemoUITests.m */,
				75942B461BED0D3A008A99F7 /* Info.plist */,
			);
			path = YHStarRatingDemoUITests;
			sourceTree = "<group>";
		};
/* End PBXGroup section */

/* Begin PBXNativeTarget section */
		75942B1B1BED0D3A008A99F7 /* YHStarRatingDemo */ = {
			isa = PBXNativeTarget;
			buildConfigurationList = 75942B491BED0D3A008A99F7 /* Build configuration list for PBXNativeTarget "YHStarRatingDemo" */;
			buildPhases = (
				75942B181BED0D3A008A99F7 /* Sources */,
				75942B191BED0D3A008A99F7 /* Frameworks */,
				75942B1A1BED0D3A008A99F7 /* Resources */,
			);
			buildRules = (
			);
			dependencies = (
			);
			name = YHStarRatingDemo;
			productName = YHStarRatingDemo;
			productReference = 75942B1C1BED0D3A008A99F7 /* YHStarRatingDemo.app */;
			productType = "com.apple.product-type.application";
		};
		75942B341BED0D3A008A99F7 /* YHStarRatingDemoTests */ = {
			isa = PBXNativeTarget;
			buildConfigurationList = 75942B4C1BED0D3A008A99F7 /* Build configuration list for PBXNativeTarget "YHStarRatingDemoTests" */;
			buildPhases = (
				75942B311BED0D3A008A99F7 /* Sources */,
				75942B321BED0D3A008A99F7 /* Frameworks */,
				75942B331BED0D3A008A99F7 /* Resources */,
			);
			buildRules = (
			);
			dependencies = (
				75942B371BED0D3A008A99F7 /* PBXTargetDependency */,
			);
			name = YHStarRatingDemoTests;
			productName = YHStarRatingDemoTests;
			productReference = 75942B351BED0D3A008A99F7 /* YHStarRatingDemoTests.xctest */;
			productType = "com.apple.product-type.bundle.unit-test";
		};
		75942B3F1BED0D3A008A99F7 /* YHStarRatingDemoUITests */ = {
			isa = PBXNativeTarget;
			buildConfigurationList = 75942B4F1BED0D3A008A99F7 /* Build configuration list for PBXNativeTarget "YHStarRatingDemoUITests" */;
			buildPhases = (
				75942B3C1BED0D3A008A99F7 /* Sources */,
				75942B3D1BED0D3A008A99F7 /* Frameworks */,
				75942B3E1BED0D3A008A99F7 /* Resources */,
			);
			buildRules = (
			);
			dependencies = (
				75942B421BED0D3A008A99F7 /* PBXTargetDependency */,
			);
			name = YHStarRatingDemoUITests;
			productName = YHStarRatingDemoUITests;
			productReference = 75942B401BED0D3A008A99F7 /* YHStarRatingDemoUITests.xctest */;
			productType = "com.apple.product-type.bundle.ui-testing";
		};
/* End PBXNativeTarget section */

/* Begin PBXProject section */
		75942B141BED0D39008A99F7 /* Project object */ = {
			isa = PBXProject;
			attributes = {
				LastUpgradeCheck = 0710;
				ORGANIZATIONNAME = yinheng;
				TargetAttributes = {
					75942B1B1BED0D3A008A99F7 = {
						CreatedOnToolsVersion = 7.1;
						DevelopmentTeam = S3NYW8T96J;
					};
					75942B341BED0D3A008A99F7 = {
						CreatedOnToolsVersion = 7.1;
						DevelopmentTeam = S3NYW8T96J;
						TestTargetID = 75942B1B1BED0D3A008A99F7;
					};
					75942B3F1BED0D3A008A99F7 = {
						CreatedOnToolsVersion = 7.1;
						DevelopmentTeam = S3NYW8T96J;
						TestTargetID = 75942B1B1BED0D3A008A99F7;
					};
				};
			};
			buildConfigurationList = 75942B171BED0D39008A99F7 /* Build configuration list for PBXProject "YHStarRatingDemo" */;
			compatibilityVersion = "Xcode 3.2";
			developmentRegion = English;
			hasScannedForEncodings = 0;
			knownRegions = (
				en,
				Base,
			);
			mainGroup = 75942B131BED0D39008A99F7;
			productRefGroup = 75942B1D1BED0D3A008A99F7 /* Products */;
			projectDirPath = "";
			projectRoot = "";
			targets = (
				75942B1B1BED0D3A008A99F7 /* YHStarRatingDemo */,
				75942B341BED0D3A008A99F7 /* YHStarRatingDemoTests */,
				75942B3F1BED0D3A008A99F7 /* YHStarRatingDemoUITests */,
			);
		};
/* End PBXProject section */

/* Begin PBXResourcesBuildPhase section */
		75942B1A1BED0D3A008A99F7 /* Resources */ = {
			isa = PBXResourcesBuildPhase;
			buildActionMask = 2147483647;
			files = (
				75942B2F1BED0D3A008A99F7 /* LaunchScreen.storyboard in Resources */,
				75942B2C1BED0D3A008A99F7 /* Assets.xcassets in Resources */,
				75942B2A1BED0D3A008A99F7 /* Main.storyboard in Resources */,
			);
			runOnlyForDeploymentPostprocessing = 0;
		};
		75942B331BED0D3A008A99F7 /* Resources */ = {
			isa = PBXResourcesBuildPhase;
			buildActionMask = 2147483647;
			files = (
			);
			runOnlyForDeploymentPostprocessing = 0;
		};
		75942B3E1BED0D3A008A99F7 /* Resources */ = {
			isa = PBXResourcesBuildPhase;
			buildActionMask = 2147483647;
			files = (
			);
			runOnlyForDeploymentPostprocessing = 0;
		};
/* End PBXResourcesBuildPhase section */

/* Begin PBXSourcesBuildPhase section */
		75942B181BED0D3A008A99F7 /* Sources */ = {
			isa = PBXSourcesBuildPhase;
			buildActionMask = 2147483647;
			files = (
				75942B271BED0D3A008A99F7 /* ViewController.m in Sources */,
				75942B241BED0D3A008A99F7 /* AppDelegate.m in Sources */,
				75942B211BED0D3A008A99F7 /* main.m in Sources */,
			);
			runOnlyForDeploymentPostprocessing = 0;
		};
		75942B311BED0D3A008A99F7 /* Sources */ = {
			isa = PBXSourcesBuildPhase;
			buildActionMask = 2147483647;
			files = (
				75942B3A1BED0D3A008A99F7 /* YHStarRatingDemoTests.m in Sources */,
			);
			runOnlyForDeploymentPostprocessing = 0;
		};
		75942B3C1BED0D3A008A99F7 /* Sources */ = {
			isa = PBXSourcesBuildPhase;
			buildActionMask = 2147483647;
			files = (
				75942B451BED0D3A008A99F7 /* YHStarRatingDemoUITests.m in Sources */,
			);
			runOnlyForDeploymentPostprocessing = 0;
		};
/* End PBXSourcesBuildPhase section */

/* Begin PBXTargetDependency section */
		75942B371BED0D3A008A99F7 /* PBXTargetDependency */ = {
			isa = PBXTargetDependency;
			target = 75942B1B1BED0D3A008A99F7 /* YHStarRatingDemo */;
			targetProxy = 75942B361BED0D3A008A99F7 /* PBXContainerItemProxy */;
		};
		75942B421BED0D3A008A99F7 /* PBXTargetDependency */ = {
			isa = PBXTargetDependency;
			target = 75942B1B1BED0D3A008A99F7 /* YHStarRatingDemo */;
			targetProxy = 75942B411BED0D3A008A99F7 /* PBXContainerItemProxy */;
		};
/* End PBXTargetDependency section */

/* Begin PBXVariantGroup section */
		75942B281BED0D3A008A99F7 /* Main.storyboard */ = {
			isa = PBXVariantGroup;
			children = (
				75942B291BED0D3A008A99F7 /* Base */,
			);
			name = Main.storyboard;
			sourceTree = "<group>";
		};
		75942B2D1BED0D3A008A99F7 /* LaunchScreen.storyboard */ = {
			isa = PBXVariantGroup;
			children = (
				75942B2E1BED0D3A008A99F7 /* Base */,
			);
			name = LaunchScreen.storyboard;
			sourceTree = "<group>";
		};
/* End PBXVariantGroup section */

/* Begin XCBuildConfiguration section */
		75942B471BED0D3A008A99F7 /* Debug */ = {
			isa = XCBuildConfiguration;
			buildSettings = {
				ALWAYS_SEARCH_USER_PATHS = NO;
				CLANG_CXX_LANGUAGE_STANDARD = "gnu++0x";
				CLANG_CXX_LIBRARY = "libc++";
				CLANG_ENABLE_MODULES = YES;
				CLANG_ENABLE_OBJC_ARC = YES;
				CLANG_WARN_BOOL_CONVERSION = YES;
				CLANG_WARN_CONSTANT_CONVERSION = YES;
				CLANG_WARN_DIRECT_OBJC_ISA_USAGE = YES_ERROR;
				CLANG_WARN_EMPTY_BODY = YES;
				CLANG_WARN_ENUM_CONVERSION = YES;
				CLANG_WARN_INT_CONVERSION = YES;
				CLANG_WARN_OBJC_ROOT_CLASS = YES_ERROR;
				CLANG_WARN_UNREACHABLE_CODE = YES;
				CLANG_WARN__DUPLICATE_METHOD_MATCH = YES;
				"CODE_SIGN_IDENTITY[sdk=iphoneos*]" = "iPhone Developer";
				COPY_PHASE_STRIP = NO;
				DEBUG_INFORMATION_FORMAT = dwarf;
				ENABLE_STRICT_OBJC_MSGSEND = YES;
				ENABLE_TESTABILITY = YES;
				GCC_C_LANGUAGE_STANDARD = gnu99;
				GCC_DYNAMIC_NO_PIC = NO;
				GCC_NO_COMMON_BLOCKS = YES;
				GCC_OPTIMIZATION_LEVEL = 0;
				GCC_PREPROCESSOR_DEFINITIONS = (
					"DEBUG=1",
					"$(inherited)",
				);
				GCC_WARN_64_TO_32_BIT_CONVERSION = YES;
				GCC_WARN_ABOUT_RETURN_TYPE = YES_ERROR;
				GCC_WARN_UNDECLARED_SELECTOR = YES;
				GCC_WARN_UNINITIALIZED_AUTOS = YES_AGGRESSIVE;
				GCC_WARN_UNUSED_FUNCTION = YES;
				GCC_WARN_UNUSED_VARIABLE = YES;
				IPHONEOS_DEPLOYMENT_TARGET = 9.1;
				MTL_ENABLE_DEBUG_INFO = YES;
				ONLY_ACTIVE_ARCH = YES;
				SDKROOT = iphoneos;
			};
			name = Debug;
		};
		75942B481BED0D3A008A99F7 /* Release */ = {
			isa = XCBuildConfiguration;
			buildSettings = {
				ALWAYS_SEARCH_USER_PATHS = NO;
				CLANG_CXX_LANGUAGE_STANDARD = "gnu++0x";
				CLANG_CXX_LIBRARY = "libc++";
				CLANG_ENABLE_MODULES = YES;
				CLANG_ENABLE_OBJC_ARC = YES;
				CLANG_WARN_BOOL_CONVERSION = YES;
				CLANG_WARN_CONSTANT_CONVERSION = YES;
				CLANG_WARN_DIRECT_OBJC_ISA_USAGE = YES_ERROR;
				CLANG_WARN_EMPTY_BODY = YES;
				CLANG_WARN_ENUM_CONVERSION = YES;
				CLANG_WARN_INT_CONVERSION = YES;
				CLANG_WARN_OBJC_ROOT_CLASS = YES_ERROR;
				CLANG_WARN_UNREACHABLE_CODE = YES;
				CLANG_WARN__DUPLICATE_METHOD_MATCH = YES;
				"CODE_SIGN_IDENTITY[sdk=iphoneos*]" = "iPhone Developer";
				COPY_PHASE_STRIP = NO;
				DEBUG_INFORMATION_FORMAT = "dwarf-with-dsym";
				ENABLE_NS_ASSERTIONS = NO;
				ENABLE_STRICT_OBJC_MSGSEND = YES;
				GCC_C_LANGUAGE_STANDARD = gnu99;
				GCC_NO_COMMON_BLOCKS = YES;
				GCC_WARN_64_TO_32_BIT_CONVERSION = YES;
				GCC_WARN_ABOUT_RETURN_TYPE = YES_ERROR;
				GCC_WARN_UNDECLARED_SELECTOR = YES;
				GCC_WARN_UNINITIALIZED_AUTOS = YES_AGGRESSIVE;
				GCC_WARN_UNUSED_FUNCTION = YES;
				GCC_WARN_UNUSED_VARIABLE = YES;
				IPHONEOS_DEPLOYMENT_TARGET = 9.1;
				MTL_ENABLE_DEBUG_INFO = NO;
				SDKROOT = iphoneos;
				VALIDATE_PRODUCT = YES;
			};
			name = Release;
		};
		75942B4A1BED0D3A008A99F7 /* Debug */ = {
			isa = XCBuildConfiguration;
			buildSettings = {
				ASSETCATALOG_COMPILER_APPICON_NAME = AppIcon;
				INFOPLIST_FILE = YHStarRatingDemo/Info.plist;
				LD_RUNPATH_SEARCH_PATHS = "$(inherited) @executable_path/Frameworks";
				PRODUCT_BUNDLE_IDENTIFIER = com.YHStarRatingDemo;
				PRODUCT_NAME = "$(TARGET_NAME)";
			};
			name = Debug;
		};
		75942B4B1BED0D3A008A99F7 /* Release */ = {
			isa = XCBuildConfiguration;
			buildSettings = {
				ASSETCATALOG_COMPILER_APPICON_NAME = AppIcon;
				INFOPLIST_FILE = YHStarRatingDemo/Info.plist;
				LD_RUNPATH_SEARCH_PATHS = "$(inherited) @executable_path/Frameworks";
				PRODUCT_BUNDLE_IDENTIFIER = com.YHStarRatingDemo;
				PRODUCT_NAME = "$(TARGET_NAME)";
			};
			name = Release;
		};
		75942B4D1BED0D3A008A99F7 /* Debug */ = {
			isa = XCBuildConfiguration;
			buildSettings = {
				BUNDLE_LOADER = "$(TEST_HOST)";
				INFOPLIST_FILE = YHStarRatingDemoTests/Info.plist;
				LD_RUNPATH_SEARCH_PATHS = "$(inherited) @executable_path/Frameworks @loader_path/Frameworks";
				PRODUCT_BUNDLE_IDENTIFIER = com.YHStarRatingDemoTests;
				PRODUCT_NAME = "$(TARGET_NAME)";
				TEST_HOST = "$(BUILT_PRODUCTS_DIR)/YHStarRatingDemo.app/YHStarRatingDemo";
			};
			name = Debug;
		};
		75942B4E1BED0D3A008A99F7 /* Release */ = {
			isa = XCBuildConfiguration;
			buildSettings = {
				BUNDLE_LOADER = "$(TEST_HOST)";
				INFOPLIST_FILE = YHStarRatingDemoTests/Info.plist;
				LD_RUNPATH_SEARCH_PATHS = "$(inherited) @executable_path/Frameworks @loader_path/Frameworks";
				PRODUCT_BUNDLE_IDENTIFIER = com.YHStarRatingDemoTests;
				PRODUCT_NAME = "$(TARGET_NAME)";
				TEST_HOST = "$(BUILT_PRODUCTS_DIR)/YHStarRatingDemo.app/YHStarRatingDemo";
			};
			name = Release;
		};
		75942B501BED0D3A008A99F7 /* Debug */ = {
			isa = XCBuildConfiguration;
			buildSettings = {
				INFOPLIST_FILE = YHStarRatingDemoUITests/Info.plist;
				LD_RUNPATH_SEARCH_PATHS = "$(inherited) @executable_path/Frameworks @loader_path/Frameworks";
				PRODUCT_BUNDLE_IDENTIFIER = com.YHStarRatingDemoUITests;
				PRODUCT_NAME = "$(TARGET_NAME)";
				TEST_TARGET_NAME = YHStarRatingDemo;
				USES_XCTRUNNER = YES;
			};
			name = Debug;
		};
		75942B511BED0D3A008A99F7 /* Release */ = {
			isa = XCBuildConfiguration;
			buildSettings = {
				INFOPLIST_FILE = YHStarRatingDemoUITests/Info.plist;
				LD_RUNPATH_SEARCH_PATHS = "$(inherited) @executable_path/Frameworks @loader_path/Frameworks";
				PRODUCT_BUNDLE_IDENTIFIER = com.YHStarRatingDemoUITests;
				PRODUCT_NAME = "$(TARGET_NAME)";
				TEST_TARGET_NAME = YHStarRatingDemo;
				USES_XCTRUNNER = YES;
			};
			name = Release;
		};
/* End XCBuildConfiguration section */

/* Begin XCConfigurationList section */
		75942B171BED0D39008A99F7 /* Build configuration list for PBXProject "YHStarRatingDemo" */ = {
			isa = XCConfigurationList;
			buildConfigurations = (
				75942B471BED0D3A008A99F7 /* Debug */,
				75942B481BED0D3A008A99F7 /* Release */,
			);
			defaultConfigurationIsVisible = 0;
			defaultConfigurationName = Release;
		};
		75942B491BED0D3A008A99F7 /* Build configuration list for PBXNativeTarget "YHStarRatingDemo" */ = {
			isa = XCConfigurationList;
			buildConfigurations = (
				75942B4A1BED0D3A008A99F7 /* Debug */,
				75942B4B1BED0D3A008A99F7 /* Release */,
			);
			defaultConfigurationIsVisible = 0;
		};
		75942B4C1BED0D3A008A99F7 /* Build configuration list for PBXNativeTarget "YHStarRatingDemoTests" */ = {
			isa = XCConfigurationList;
			buildConfigurations = (
				75942B4D1BED0D3A008A99F7 /* Debug */,
				75942B4E1BED0D3A008A99F7 /* Release */,
			);
			defaultConfigurationIsVisible = 0;
		};
		75942B4F1BED0D3A008A99F7 /* Build configuration list for PBXNativeTarget "YHStarRatingDemoUITests" */ = {
			isa = XCConfigurationList;
			buildConfigurations = (
				75942B501BED0D3A008A99F7 /* Debug */,
				75942B511BED0D3A008A99F7 /* Release */,
			);
			defaultConfigurationIsVisible = 0;
		};
/* End XCConfigurationList section */
	};
	rootObject = 75942B141BED0D39008A99F7 /* Project object */;
}
